github.com/philippgille/chromem-go v0.6.0 h1:1f+xHu1FRow2O1Kgt5Gn9enioe5MJrUYO5YGOCGMEg4=
github.com/philippgille/chromem-go v0.6.0/go.mod h1:hTd+wGEm/fFPQl7ilfCwQXkgEUxceYh86iIdoKMolPo=
github.com/siuyin/aigotut v0.0.0-20240626145509-783dbafba258 h1:OY3xYsGm3rLJsgK6ODcXMe20HvxOB3p72AEsVSH0KSo=
github.com/siuyin/aigotut v0.0.0-20240626145509-783dbafba258/go.mod h1:Wg5ME+C6bM2ygS/+x/tsVoHIv6nbpykAh8wcL//xomU=
